
Microsoft Visual Studio Solution File, Format Version 12.00
# Visual Studio 15
Project("{FAE04EC0-301F-11D3-BF4B-00C04F79EFBC}") = "AddressBook", "AddressBook.csproj", "{64709497-9D5E-4ACA-811C-E1BB6E82CC32}"
EndProject
Global
	GlobalSection(SolutionConfigurationPlatforms) = preSolution
		Debug|Any CPU = Debug|Any CPU
		Release|Any CPU = Release|Any CPU
	EndGlobalSection
	GlobalSection(ProjectConfigurationPlatforms) = postSolution
		{64709497-9D5E-4ACA-811C-E1BB6E82CC32}.Debug|Any CPU.ActiveCfg = Debug|Any CPU
		{64709497-9D5E-4ACA-811C-E1BB6E82CC32}.Debug|Any CPU.Build.0 = Debug|Any CPU
		{64709497-9D5E-4ACA-811C-E1BB6E82CC32}.Release|Any CPU.ActiveCfg = Release|Any CPU
		{64709497-9D5E-4ACA-811C-E1BB6E82CC32}.Release|Any CPU.Build.0 = Release|Any CPU
	EndGlobalSection
EndGlobal
